{
  "lockfile_version": "1",
  "packages": {
    "github:NixOS/nixpkgs/nixpkgs-unstable": {
      "last_modified": "2025-09-02T13:16:47Z",
      "resolved": "github:NixOS/nixpkgs/aaff8c16d7fc04991cac6245bee1baa31f72b1e1?lastModified=1756819007&narHash=sha256-12V64nKG%2FO%2FguxSYnr5%2Fnq1EfqwJCdD2%2BcIGmhz3nrE%3D"
    },
    "texliveTeTeX@latest": {
      "last_modified": "2025-07-28T17:09:23Z",
      "resolved": "github:NixOS/nixpkgs/648f70160c03151bc2121d179291337ad6bc564b#texliveTeTeX",
      "source": "devbox-search",
      "version": "2025-env",
      "systems": {
        "aarch64-darwin": {
          "outputs": [
            {
              "name": "out",
              "path": "/nix/store/ylr59mmnqnvixs316ykfah2xjwbg8aky-texlive-2025-env",
              "default": true
            },
            {
              "name": "man",
              "path": "/nix/store/qxq0g0cvbbvx2jwgi8m5b5lw374g54sg-texlive-2025-env-man",
              "default": true
            },
            {
              "name": "info",
              "path": "/nix/store/m3q55bki195as0y728ly34bh89wyw9h4-texlive-2025-env-info"
            }
          ],
          "store_path": "/nix/store/ylr59mmnqnvixs316ykfah2xjwbg8aky-texlive-2025-env"
        },
        "aarch64-linux": {
          "outputs": [
            {
              "name": "out",
              "path": "/nix/store/7avl8v8qd19njdcsn0pilblvkh9q9nf8-texlive-2025-env",
              "default": true
            },
            {
              "name": "man",
              "path": "/nix/store/byyg9zrkw30hn1k4gyahwcvg1hld1fb7-texlive-2025-env-man",
              "default": true
            },
            {
              "name": "info",
              "path": "/nix/store/n2dxklhz00yrpzjmljhch6q1qjp73fn9-texlive-2025-env-info"
            }
          ],
          "store_path": "/nix/store/7avl8v8qd19njdcsn0pilblvkh9q9nf8-texlive-2025-env"
        },
        "x86_64-darwin": {
          "outputs": [
            {
              "name": "out",
              "path": "/nix/store/gvm4qlvvxhks75bigmwqqfjm56wngq1k-texlive-2025-env",
              "default": true
            },
            {
              "name": "man",
              "path": "/nix/store/h940yp7sdacd5vddl2zxc43csr4076zx-texlive-2025-env-man",
              "default": true
            },
            {
              "name": "info",
              "path": "/nix/store/5dg1ma1ynr0jqr6flyzv3j3f9afxz3cy-texlive-2025-env-info"
            }
          ],
          "store_path": "/nix/store/gvm4qlvvxhks75bigmwqqfjm56wngq1k-texlive-2025-env"
        },
        "x86_64-linux": {
          "outputs": [
            {
              "name": "out",
              "path": "/nix/store/llzg0252zbsspbghqziifv40hps214ig-texlive-2025-env",
              "default": true
            },
            {
              "name": "man",
              "path": "/nix/store/dhi75rcwdqpmp55519kyg0ix5v2awq1p-texlive-2025-env-man",
              "default": true
            },
            {
              "name": "info",
              "path": "/nix/store/nrgyd267rw23y05i7q8sjpxsa6ir28br-texlive-2025-env-info"
            }
          ],
          "store_path": "/nix/store/llzg0252zbsspbghqziifv40hps214ig-texlive-2025-env"
        }
      }
    }
  }
}
